
Microsoft Visual Studio Solution File, Format Version 12.00
# Visual Studio 15
VisualStudioVersion = 15.0.28010.2046
MinimumVisualStudioVersion = 10.0.40219.1
Project("{FAE04EC0-301F-11D3-BF4B-00C04F79EFBC}") = "QueueQ1Q2", "QueueQ1\QueueQ1Q2.csproj", "{4D1D530A-BD06-4CFB-8464-C0759F2D9E65}"
EndProject
Project("{FAE04EC0-301F-11D3-BF4B-00C04F79EFBC}") = "QueueQ3", "QueueQ3\QueueQ3.csproj", "{92210092-1B0B-49F2-BC58-A0BDFE05C6AF}"
EndProject
Global
	GlobalSection(SolutionConfigurationPlatforms) = preSolution
		Debug|Any CPU = Debug|Any CPU
		Release|Any CPU = Release|Any CPU
	EndGlobalSection
	GlobalSection(ProjectConfigurationPlatforms) = postSolution
		{4D1D530A-BD06-4CFB-8464-C0759F2D9E65}.Debug|Any CPU.ActiveCfg = Debug|Any CPU
		{4D1D530A-BD06-4CFB-8464-C0759F2D9E65}.Debug|Any CPU.Build.0 = Debug|Any CPU
		{4D1D530A-BD06-4CFB-8464-C0759F2D9E65}.Release|Any CPU.ActiveCfg = Release|Any CPU
		{4D1D530A-BD06-4CFB-8464-C0759F2D9E65}.Release|Any CPU.Build.0 = Release|Any CPU
		{92210092-1B0B-49F2-BC58-A0BDFE05C6AF}.Debug|Any CPU.ActiveCfg = Debug|Any CPU
		{92210092-1B0B-49F2-BC58-A0BDFE05C6AF}.Debug|Any CPU.Build.0 = Debug|Any CPU
		{92210092-1B0B-49F2-BC58-A0BDFE05C6AF}.Release|Any CPU.ActiveCfg = Release|Any CPU
		{92210092-1B0B-49F2-BC58-A0BDFE05C6AF}.Release|Any CPU.Build.0 = Release|Any CPU
	EndGlobalSection
	GlobalSection(SolutionProperties) = preSolution
		HideSolutionNode = FALSE
	EndGlobalSection
	GlobalSection(ExtensibilityGlobals) = postSolution
		SolutionGuid = {D562C035-D31B-4B9B-B8F6-4B17BA566E53}
	EndGlobalSection
EndGlobal
